
Microsoft Visual Studio Solution File, Format Version 12.00
# Visual Studio Version 17
VisualStudioVersion = 17.2.32526.322
MinimumVisualStudioVersion = 10.0.40219.1
Project("{FAE04EC0-301F-11D3-BF4B-00C04F79EFBC}") = "ConsoleApp1", "ConsoleApp1\ConsoleApp1.csproj", "{AF26AFEF-ED0D-448C-A061-7221AE879D07}"
EndProject
Global
	GlobalSection(SolutionConfigurationPlatforms) = preSolution
		Debug|Any CPU = Debug|Any CPU
		Release|Any CPU = Release|Any CPU
	EndGlobalSection
	GlobalSection(ProjectConfigurationPlatforms) = postSolution
		{AF26AFEF-ED0D-448C-A061-7221AE879D07}.Debug|Any CPU.ActiveCfg = Debug|Any CPU
		{AF26AFEF-ED0D-448C-A061-7221AE879D07}.Debug|Any CPU.Build.0 = Debug|Any CPU
		{AF26AFEF-ED0D-448C-A061-7221AE879D07}.Release|Any CPU.ActiveCfg = Release|Any CPU
		{AF26AFEF-ED0D-448C-A061-7221AE879D07}.Release|Any CPU.Build.0 = Release|Any CPU
	EndGlobalSection
	GlobalSection(SolutionProperties) = preSolution
		HideSolutionNode = FALSE
	EndGlobalSection
	GlobalSection(ExtensibilityGlobals) = postSolution
		SolutionGuid = {0B4849A4-D5DD-43EE-84DE-3254F6F8B1A8}
	EndGlobalSection
EndGlobal
